
Microsoft Visual Studio Solution File, Format Version 12.00
# Visual Studio Version 16
VisualStudioVersion = 16.0.31729.503
MinimumVisualStudioVersion = 10.0.40219.1
Project("{FAE04EC0-301F-11D3-BF4B-00C04F79EFBC}") = "UsingThirdPartyLibs", "UsingThirdPartyLibs\UsingThirdPartyLibs.csproj", "{796B4964-A9E0-47B9-B9D3-D9AD3C2DB9D4}"
EndProject
Project("{FAE04EC0-301F-11D3-BF4B-00C04F79EFBC}") = "ReportingLib", "ReportingLib\ReportingLib.csproj", "{6C640246-6568-4E1A-9A04-D51DDDA99DF8}"
EndProject
Project("{FAE04EC0-301F-11D3-BF4B-00C04F79EFBC}") = "YetOtherReportingLib", "YetOtherReportingLib\YetOtherReportingLib.csproj", "{CC89272E-D821-4307-9300-9716779AD51E}"
EndProject
Project("{2150E333-8FDC-42A3-9474-1A3956D46DE8}") = "Solution Items", "Solution Items", "{E42ABF62-1A14-46D5-ADA3-A2179B817448}"
	ProjectSection(SolutionItems) = preProject
		README.md = README.md
	EndProjectSection
EndProject
Global
	GlobalSection(SolutionConfigurationPlatforms) = preSolution
		Debug|Any CPU = Debug|Any CPU
		Release|Any CPU = Release|Any CPU
	EndGlobalSection
	GlobalSection(ProjectConfigurationPlatforms) = postSolution
		{796B4964-A9E0-47B9-B9D3-D9AD3C2DB9D4}.Debug|Any CPU.ActiveCfg = Debug|Any CPU
		{796B4964-A9E0-47B9-B9D3-D9AD3C2DB9D4}.Debug|Any CPU.Build.0 = Debug|Any CPU
		{796B4964-A9E0-47B9-B9D3-D9AD3C2DB9D4}.Release|Any CPU.ActiveCfg = Release|Any CPU
		{796B4964-A9E0-47B9-B9D3-D9AD3C2DB9D4}.Release|Any CPU.Build.0 = Release|Any CPU
		{6C640246-6568-4E1A-9A04-D51DDDA99DF8}.Debug|Any CPU.ActiveCfg = Debug|Any CPU
		{6C640246-6568-4E1A-9A04-D51DDDA99DF8}.Debug|Any CPU.Build.0 = Debug|Any CPU
		{6C640246-6568-4E1A-9A04-D51DDDA99DF8}.Release|Any CPU.ActiveCfg = Release|Any CPU
		{6C640246-6568-4E1A-9A04-D51DDDA99DF8}.Release|Any CPU.Build.0 = Release|Any CPU
		{CC89272E-D821-4307-9300-9716779AD51E}.Debug|Any CPU.ActiveCfg = Debug|Any CPU
		{CC89272E-D821-4307-9300-9716779AD51E}.Debug|Any CPU.Build.0 = Debug|Any CPU
		{CC89272E-D821-4307-9300-9716779AD51E}.Release|Any CPU.ActiveCfg = Release|Any CPU
		{CC89272E-D821-4307-9300-9716779AD51E}.Release|Any CPU.Build.0 = Release|Any CPU
	EndGlobalSection
	GlobalSection(SolutionProperties) = preSolution
		HideSolutionNode = FALSE
	EndGlobalSection
	GlobalSection(ExtensibilityGlobals) = postSolution
		SolutionGuid = {813080B2-83FE-4A76-BE44-57A1900A93F1}
	EndGlobalSection
EndGlobal
